
Microsoft Visual Studio Solution File, Format Version 12.00
# Visual Studio Version 16
VisualStudioVersion = 16.0.30803.129
MinimumVisualStudioVersion = 10.0.40219.1
Project("{FAE04EC0-301F-11D3-BF4B-00C04F79EFBC}") = "AuthServer", "AuthServer\AuthServer.csproj", "{DC8F6CA2-6D91-4E38-B768-9AA8AC9ECD6E}"
EndProject
Project("{FAE04EC0-301F-11D3-BF4B-00C04F79EFBC}") = "JobsApi", "JobsApi\JobsApi.csproj", "{75B07B2D-C1CC-472F-919D-191E17CFABE4}"
EndProject
Project("{2150E333-8FDC-42A3-9474-1A3956D46DE8}") = "Solution Items", "Solution Items", "{35DC1118-6759-4CA5-A032-0AD8D4B62C1E}"
	ProjectSection(SolutionItems) = preProject
		tye.sqldb.yaml = tye.sqldb.yaml
	EndProjectSection
EndProject
Project("{FAE04EC0-301F-11D3-BF4B-00C04F79EFBC}") = "MvcWebClient", "MvcWebClient\MvcWebClient.csproj", "{9FC5B702-75D6-4476-AAC3-73826F5ED877}"
EndProject
Global
	GlobalSection(SolutionConfigurationPlatforms) = preSolution
		Debug|Any CPU = Debug|Any CPU
		Release|Any CPU = Release|Any CPU
	EndGlobalSection
	GlobalSection(ProjectConfigurationPlatforms) = postSolution
		{DC8F6CA2-6D91-4E38-B768-9AA8AC9ECD6E}.Debug|Any CPU.ActiveCfg = Debug|Any CPU
		{DC8F6CA2-6D91-4E38-B768-9AA8AC9ECD6E}.Debug|Any CPU.Build.0 = Debug|Any CPU
		{DC8F6CA2-6D91-4E38-B768-9AA8AC9ECD6E}.Release|Any CPU.ActiveCfg = Release|Any CPU
		{DC8F6CA2-6D91-4E38-B768-9AA8AC9ECD6E}.Release|Any CPU.Build.0 = Release|Any CPU
		{75B07B2D-C1CC-472F-919D-191E17CFABE4}.Debug|Any CPU.ActiveCfg = Debug|Any CPU
		{75B07B2D-C1CC-472F-919D-191E17CFABE4}.Debug|Any CPU.Build.0 = Debug|Any CPU
		{75B07B2D-C1CC-472F-919D-191E17CFABE4}.Release|Any CPU.ActiveCfg = Release|Any CPU
		{75B07B2D-C1CC-472F-919D-191E17CFABE4}.Release|Any CPU.Build.0 = Release|Any CPU
		{9FC5B702-75D6-4476-AAC3-73826F5ED877}.Debug|Any CPU.ActiveCfg = Debug|Any CPU
		{9FC5B702-75D6-4476-AAC3-73826F5ED877}.Debug|Any CPU.Build.0 = Debug|Any CPU
		{9FC5B702-75D6-4476-AAC3-73826F5ED877}.Release|Any CPU.ActiveCfg = Release|Any CPU
		{9FC5B702-75D6-4476-AAC3-73826F5ED877}.Release|Any CPU.Build.0 = Release|Any CPU
	EndGlobalSection
	GlobalSection(SolutionProperties) = preSolution
		HideSolutionNode = FALSE
	EndGlobalSection
	GlobalSection(ExtensibilityGlobals) = postSolution
		SolutionGuid = {D7EB9521-8C98-49E6-82DB-7CE1A5A49F02}
	EndGlobalSection
EndGlobal
